
Microsoft Visual Studio Solution File, Format Version 12.00
# Visual Studio 2012
Project("{FAE04EC0-301F-11D3-BF4B-00C04F79EFBC}") = "EECloud.PlayerIO", "EECloud.PlayerIO\EECloud.PlayerIO.csproj", "{4D69C60C-97F8-490D-B9B4-6AC93EDAB941}"
EndProject
Project("{FAE04EC0-301F-11D3-BF4B-00C04F79EFBC}") = "EECloud.PlayerIO.Test", "EECloud.PlayerIO.Test\EECloud.PlayerIO.Test.csproj", "{127D3A97-CC98-43F4-95B3-39AF1951340D}"
EndProject
Global
	GlobalSection(SolutionConfigurationPlatforms) = preSolution
		Debug|Any CPU = Debug|Any CPU
		Release|Any CPU = Release|Any CPU
	EndGlobalSection
	GlobalSection(ProjectConfigurationPlatforms) = postSolution
		{4D69C60C-97F8-490D-B9B4-6AC93EDAB941}.Debug|Any CPU.ActiveCfg = Debug|Any CPU
		{4D69C60C-97F8-490D-B9B4-6AC93EDAB941}.Debug|Any CPU.Build.0 = Debug|Any CPU
		{4D69C60C-97F8-490D-B9B4-6AC93EDAB941}.Release|Any CPU.ActiveCfg = Release|Any CPU
		{4D69C60C-97F8-490D-B9B4-6AC93EDAB941}.Release|Any CPU.Build.0 = Release|Any CPU
		{127D3A97-CC98-43F4-95B3-39AF1951340D}.Debug|Any CPU.ActiveCfg = Debug|Any CPU
		{127D3A97-CC98-43F4-95B3-39AF1951340D}.Debug|Any CPU.Build.0 = Debug|Any CPU
		{127D3A97-CC98-43F4-95B3-39AF1951340D}.Release|Any CPU.ActiveCfg = Release|Any CPU
		{127D3A97-CC98-43F4-95B3-39AF1951340D}.Release|Any CPU.Build.0 = Release|Any CPU
	EndGlobalSection
	GlobalSection(SolutionProperties) = preSolution
		HideSolutionNode = FALSE
	EndGlobalSection
EndGlobal
